
Microsoft Visual Studio Solution File, Format Version 12.00
Project("{FAE04EC0-301F-11D3-BF4B-00C04F79EFBC}") = "BadScript2", "BadScript2\BadScript2.csproj", "{7DFC9BB9-A2DB-432F-B3C5-A466F6955DB5}"
EndProject
Project("{FAE04EC0-301F-11D3-BF4B-00C04F79EFBC}") = "BadScript2.Console", "BadScript2.Console\BadScript2.Console.csproj", "{5189FCB9-EA69-4EC2-B0BA-7F378EA6DAA7}"
EndProject
Project("{FAE04EC0-301F-11D3-BF4B-00C04F79EFBC}") = "BadScript2.Interactive", "BadScript2.Interactive\BadScript2.Interactive.csproj", "{A7D57D0B-510A-4224-89FA-EB69ADE4353F}"
EndProject
Project("{FAE04EC0-301F-11D3-BF4B-00C04F79EFBC}") = "BadScript2.Interop.Common", "BadScript2.Interop\BadScript2.Interop.Common\BadScript2.Interop.Common.csproj", "{A4EB6C75-A26C-4E1B-89F9-B630AAA9A848}"
EndProject
Project("{2150E333-8FDC-42A3-9474-1A3956D46DE8}") = "Interop", "Interop", "{A73351E3-752B-4A73-8EEC-7C3364A18F95}"
EndProject
Project("{FAE04EC0-301F-11D3-BF4B-00C04F79EFBC}") = "BadScript2.Interop.NUnit", "BadScript2.Interop\BadScript2.Interop.NUnit\BadScript2.Interop.NUnit.csproj", "{C243AAF7-5563-4EEA-A8D4-7567F258FFCC}"
EndProject
Project("{2150E333-8FDC-42A3-9474-1A3956D46DE8}") = "Consoles", "Consoles", "{F927E3BE-3BEE-48FF-B179-B76497FD3AFB}"
EndProject
Project("{FAE04EC0-301F-11D3-BF4B-00C04F79EFBC}") = "BadScript2.Interop.IO", "BadScript2.Interop\BadScript2.Interop.IO\BadScript2.Interop.IO.csproj", "{BBAC27D7-B34F-49FA-B6B8-64FCECFBB92C}"
EndProject
Project("{FAE04EC0-301F-11D3-BF4B-00C04F79EFBC}") = "BadScript2.Interop.Json", "BadScript2.Interop\BadScript2.Interop.Json\BadScript2.Interop.Json.csproj", "{C7E72EF5-FF54-47F2-AB49-536B48EB7555}"
EndProject
Project("{FAE04EC0-301F-11D3-BF4B-00C04F79EFBC}") = "BadScript2.Tests", "BadScript2.Tests\BadScript2.Tests.csproj", "{5DDE7892-A3CE-4AA3-8975-3EDA4E5A4832}"
EndProject
Project("{FAE04EC0-301F-11D3-BF4B-00C04F79EFBC}") = "BadScript2.Interop.Net", "BadScript2.Interop\BadScript2.Interop.Net\BadScript2.Interop.Net.csproj", "{13C9846D-6B95-4BF4-9735-FB35F14EA4F7}"
EndProject
Project("{FAE04EC0-301F-11D3-BF4B-00C04F79EFBC}") = "BadScript2.WebEditor", "BadScript2.WebEditor\BadScript2.WebEditor.csproj", "{612C1DCF-469B-4806-B30B-4D01F9E9FCF1}"
EndProject
Project("{2150E333-8FDC-42A3-9474-1A3956D46DE8}") = "Web", "Web", "{689B835C-4F95-4C14-B26E-5314D01EA14B}"
EndProject
Project("{FAE04EC0-301F-11D3-BF4B-00C04F79EFBC}") = "BadScript2.Web", "BadScript2.Web\BadScript2.Web.csproj", "{1CF2D392-016B-46A9-9440-8CA5E6B7E77A}"
EndProject
Project("{FAE04EC0-301F-11D3-BF4B-00C04F79EFBC}") = "BadScript2.ConsoleCore", "BadScript2.ConsoleCore\BadScript2.ConsoleCore.csproj", "{268CF52C-AE3F-43BA-9EDB-98C7FFA92815}"
EndProject
Project("{FAE04EC0-301F-11D3-BF4B-00C04F79EFBC}") = "BadScript2.Interop.Compression", "BadScript2.Interop\BadScript2.Interop.Compression\BadScript2.Interop.Compression.csproj", "{5A61E7B9-8FC3-4BF0-B8A3-A9232425C90B}"
EndProject
Project("{2150E333-8FDC-42A3-9474-1A3956D46DE8}") = "BadHtml", "BadHtml", "{977D3144-EC4E-40EB-9779-F63A305EB027}"
EndProject
Project("{FAE04EC0-301F-11D3-BF4B-00C04F79EFBC}") = "BadHtml", "BadHtml\BadHtml.csproj", "{EC1CA365-BF3F-40D1-A576-8718A782C5E6}"
EndProject
Project("{FAE04EC0-301F-11D3-BF4B-00C04F79EFBC}") = "BadScript2.Debugger", "BadScript2.Debugger\BadScript2.Debugger.csproj", "{B6CCDB2E-A319-4726-B388-A33BC4C1831E}"
EndProject
Project("{FAE04EC0-301F-11D3-BF4B-00C04F79EFBC}") = "BadScript2.Interop.Linq", "BadScript2.Interop\BadScript2.Interop.Linq\BadScript2.Interop.Linq.csproj", "{DE8215C4-857E-4F49-A085-29FE3C08FFE8}"
EndProject
Project("{FAE04EC0-301F-11D3-BF4B-00C04F79EFBC}") = "BadScript2.ConsoleAbstraction", "BadScript2.ConsoleAbstraction\BadScript2.ConsoleAbstraction.csproj", "{2117B34F-B421-428A-8AFB-3572C5983B49}"
EndProject
Project("{FAE04EC0-301F-11D3-BF4B-00C04F79EFBC}") = "BadScript2.VirtualMachine", "BadScript2.VirtualMachine\BadScript2.VirtualMachine.csproj", "{F3ADEEE8-E08B-4C2A-9E72-22F43B5BA8A4}"
EndProject
Global
	GlobalSection(SolutionConfigurationPlatforms) = preSolution
		Debug|Any CPU = Debug|Any CPU
		Release|Any CPU = Release|Any CPU
	EndGlobalSection
	GlobalSection(ProjectConfigurationPlatforms) = postSolution
		{7DFC9BB9-A2DB-432F-B3C5-A466F6955DB5}.Debug|Any CPU.ActiveCfg = Debug|Any CPU
		{7DFC9BB9-A2DB-432F-B3C5-A466F6955DB5}.Debug|Any CPU.Build.0 = Debug|Any CPU
		{7DFC9BB9-A2DB-432F-B3C5-A466F6955DB5}.Release|Any CPU.ActiveCfg = Release|Any CPU
		{7DFC9BB9-A2DB-432F-B3C5-A466F6955DB5}.Release|Any CPU.Build.0 = Release|Any CPU
		{5189FCB9-EA69-4EC2-B0BA-7F378EA6DAA7}.Debug|Any CPU.ActiveCfg = Debug|Any CPU
		{5189FCB9-EA69-4EC2-B0BA-7F378EA6DAA7}.Debug|Any CPU.Build.0 = Debug|Any CPU
		{5189FCB9-EA69-4EC2-B0BA-7F378EA6DAA7}.Release|Any CPU.ActiveCfg = Release|Any CPU
		{5189FCB9-EA69-4EC2-B0BA-7F378EA6DAA7}.Release|Any CPU.Build.0 = Release|Any CPU
		{A7D57D0B-510A-4224-89FA-EB69ADE4353F}.Debug|Any CPU.ActiveCfg = Debug|Any CPU
		{A7D57D0B-510A-4224-89FA-EB69ADE4353F}.Debug|Any CPU.Build.0 = Debug|Any CPU
		{A7D57D0B-510A-4224-89FA-EB69ADE4353F}.Release|Any CPU.ActiveCfg = Release|Any CPU
		{A7D57D0B-510A-4224-89FA-EB69ADE4353F}.Release|Any CPU.Build.0 = Release|Any CPU
		{A4EB6C75-A26C-4E1B-89F9-B630AAA9A848}.Debug|Any CPU.ActiveCfg = Debug|Any CPU
		{A4EB6C75-A26C-4E1B-89F9-B630AAA9A848}.Debug|Any CPU.Build.0 = Debug|Any CPU
		{A4EB6C75-A26C-4E1B-89F9-B630AAA9A848}.Release|Any CPU.ActiveCfg = Release|Any CPU
		{A4EB6C75-A26C-4E1B-89F9-B630AAA9A848}.Release|Any CPU.Build.0 = Release|Any CPU
		{C243AAF7-5563-4EEA-A8D4-7567F258FFCC}.Debug|Any CPU.ActiveCfg = Debug|Any CPU
		{C243AAF7-5563-4EEA-A8D4-7567F258FFCC}.Debug|Any CPU.Build.0 = Debug|Any CPU
		{C243AAF7-5563-4EEA-A8D4-7567F258FFCC}.Release|Any CPU.ActiveCfg = Release|Any CPU
		{C243AAF7-5563-4EEA-A8D4-7567F258FFCC}.Release|Any CPU.Build.0 = Release|Any CPU
		{BBAC27D7-B34F-49FA-B6B8-64FCECFBB92C}.Debug|Any CPU.ActiveCfg = Debug|Any CPU
		{BBAC27D7-B34F-49FA-B6B8-64FCECFBB92C}.Debug|Any CPU.Build.0 = Debug|Any CPU
		{BBAC27D7-B34F-49FA-B6B8-64FCECFBB92C}.Release|Any CPU.ActiveCfg = Release|Any CPU
		{BBAC27D7-B34F-49FA-B6B8-64FCECFBB92C}.Release|Any CPU.Build.0 = Release|Any CPU
		{C7E72EF5-FF54-47F2-AB49-536B48EB7555}.Debug|Any CPU.ActiveCfg = Debug|Any CPU
		{C7E72EF5-FF54-47F2-AB49-536B48EB7555}.Debug|Any CPU.Build.0 = Debug|Any CPU
		{C7E72EF5-FF54-47F2-AB49-536B48EB7555}.Release|Any CPU.ActiveCfg = Release|Any CPU
		{C7E72EF5-FF54-47F2-AB49-536B48EB7555}.Release|Any CPU.Build.0 = Release|Any CPU
		{5DDE7892-A3CE-4AA3-8975-3EDA4E5A4832}.Debug|Any CPU.ActiveCfg = Debug|Any CPU
		{5DDE7892-A3CE-4AA3-8975-3EDA4E5A4832}.Debug|Any CPU.Build.0 = Debug|Any CPU
		{5DDE7892-A3CE-4AA3-8975-3EDA4E5A4832}.Release|Any CPU.ActiveCfg = Release|Any CPU
		{5DDE7892-A3CE-4AA3-8975-3EDA4E5A4832}.Release|Any CPU.Build.0 = Release|Any CPU
		{13C9846D-6B95-4BF4-9735-FB35F14EA4F7}.Debug|Any CPU.ActiveCfg = Debug|Any CPU
		{13C9846D-6B95-4BF4-9735-FB35F14EA4F7}.Debug|Any CPU.Build.0 = Debug|Any CPU
		{13C9846D-6B95-4BF4-9735-FB35F14EA4F7}.Release|Any CPU.ActiveCfg = Release|Any CPU
		{13C9846D-6B95-4BF4-9735-FB35F14EA4F7}.Release|Any CPU.Build.0 = Release|Any CPU
		{612C1DCF-469B-4806-B30B-4D01F9E9FCF1}.Debug|Any CPU.ActiveCfg = Debug|Any CPU
		{612C1DCF-469B-4806-B30B-4D01F9E9FCF1}.Debug|Any CPU.Build.0 = Debug|Any CPU
		{612C1DCF-469B-4806-B30B-4D01F9E9FCF1}.Release|Any CPU.ActiveCfg = Release|Any CPU
		{612C1DCF-469B-4806-B30B-4D01F9E9FCF1}.Release|Any CPU.Build.0 = Release|Any CPU
		{1CF2D392-016B-46A9-9440-8CA5E6B7E77A}.Debug|Any CPU.ActiveCfg = Debug|Any CPU
		{1CF2D392-016B-46A9-9440-8CA5E6B7E77A}.Debug|Any CPU.Build.0 = Debug|Any CPU
		{1CF2D392-016B-46A9-9440-8CA5E6B7E77A}.Release|Any CPU.ActiveCfg = Release|Any CPU
		{1CF2D392-016B-46A9-9440-8CA5E6B7E77A}.Release|Any CPU.Build.0 = Release|Any CPU
		{268CF52C-AE3F-43BA-9EDB-98C7FFA92815}.Debug|Any CPU.ActiveCfg = Debug|Any CPU
		{268CF52C-AE3F-43BA-9EDB-98C7FFA92815}.Debug|Any CPU.Build.0 = Debug|Any CPU
		{268CF52C-AE3F-43BA-9EDB-98C7FFA92815}.Release|Any CPU.ActiveCfg = Release|Any CPU
		{268CF52C-AE3F-43BA-9EDB-98C7FFA92815}.Release|Any CPU.Build.0 = Release|Any CPU
		{5A61E7B9-8FC3-4BF0-B8A3-A9232425C90B}.Debug|Any CPU.ActiveCfg = Debug|Any CPU
		{5A61E7B9-8FC3-4BF0-B8A3-A9232425C90B}.Debug|Any CPU.Build.0 = Debug|Any CPU
		{5A61E7B9-8FC3-4BF0-B8A3-A9232425C90B}.Release|Any CPU.ActiveCfg = Release|Any CPU
		{5A61E7B9-8FC3-4BF0-B8A3-A9232425C90B}.Release|Any CPU.Build.0 = Release|Any CPU
		{EC1CA365-BF3F-40D1-A576-8718A782C5E6}.Debug|Any CPU.ActiveCfg = Debug|Any CPU
		{EC1CA365-BF3F-40D1-A576-8718A782C5E6}.Debug|Any CPU.Build.0 = Debug|Any CPU
		{EC1CA365-BF3F-40D1-A576-8718A782C5E6}.Release|Any CPU.ActiveCfg = Release|Any CPU
		{EC1CA365-BF3F-40D1-A576-8718A782C5E6}.Release|Any CPU.Build.0 = Release|Any CPU
		{B6CCDB2E-A319-4726-B388-A33BC4C1831E}.Debug|Any CPU.ActiveCfg = Debug|Any CPU
		{B6CCDB2E-A319-4726-B388-A33BC4C1831E}.Debug|Any CPU.Build.0 = Debug|Any CPU
		{B6CCDB2E-A319-4726-B388-A33BC4C1831E}.Release|Any CPU.ActiveCfg = Release|Any CPU
		{B6CCDB2E-A319-4726-B388-A33BC4C1831E}.Release|Any CPU.Build.0 = Release|Any CPU
		{DE8215C4-857E-4F49-A085-29FE3C08FFE8}.Debug|Any CPU.ActiveCfg = Debug|Any CPU
		{DE8215C4-857E-4F49-A085-29FE3C08FFE8}.Debug|Any CPU.Build.0 = Debug|Any CPU
		{DE8215C4-857E-4F49-A085-29FE3C08FFE8}.Release|Any CPU.ActiveCfg = Release|Any CPU
		{DE8215C4-857E-4F49-A085-29FE3C08FFE8}.Release|Any CPU.Build.0 = Release|Any CPU
		{2117B34F-B421-428A-8AFB-3572C5983B49}.Debug|Any CPU.ActiveCfg = Debug|Any CPU
		{2117B34F-B421-428A-8AFB-3572C5983B49}.Debug|Any CPU.Build.0 = Debug|Any CPU
		{2117B34F-B421-428A-8AFB-3572C5983B49}.Release|Any CPU.ActiveCfg = Release|Any CPU
		{2117B34F-B421-428A-8AFB-3572C5983B49}.Release|Any CPU.Build.0 = Release|Any CPU
		{F3ADEEE8-E08B-4C2A-9E72-22F43B5BA8A4}.Debug|Any CPU.ActiveCfg = Debug|Any CPU
		{F3ADEEE8-E08B-4C2A-9E72-22F43B5BA8A4}.Debug|Any CPU.Build.0 = Debug|Any CPU
		{F3ADEEE8-E08B-4C2A-9E72-22F43B5BA8A4}.Release|Any CPU.ActiveCfg = Release|Any CPU
		{F3ADEEE8-E08B-4C2A-9E72-22F43B5BA8A4}.Release|Any CPU.Build.0 = Release|Any CPU
	EndGlobalSection
	GlobalSection(NestedProjects) = preSolution
		{A4EB6C75-A26C-4E1B-89F9-B630AAA9A848} = {A73351E3-752B-4A73-8EEC-7C3364A18F95}
		{C243AAF7-5563-4EEA-A8D4-7567F258FFCC} = {A73351E3-752B-4A73-8EEC-7C3364A18F95}
		{5189FCB9-EA69-4EC2-B0BA-7F378EA6DAA7} = {F927E3BE-3BEE-48FF-B179-B76497FD3AFB}
		{BBAC27D7-B34F-49FA-B6B8-64FCECFBB92C} = {A73351E3-752B-4A73-8EEC-7C3364A18F95}
		{C7E72EF5-FF54-47F2-AB49-536B48EB7555} = {A73351E3-752B-4A73-8EEC-7C3364A18F95}
		{13C9846D-6B95-4BF4-9735-FB35F14EA4F7} = {A73351E3-752B-4A73-8EEC-7C3364A18F95}
		{612C1DCF-469B-4806-B30B-4D01F9E9FCF1} = {689B835C-4F95-4C14-B26E-5314D01EA14B}
		{1CF2D392-016B-46A9-9440-8CA5E6B7E77A} = {689B835C-4F95-4C14-B26E-5314D01EA14B}
		{268CF52C-AE3F-43BA-9EDB-98C7FFA92815} = {F927E3BE-3BEE-48FF-B179-B76497FD3AFB}
		{5A61E7B9-8FC3-4BF0-B8A3-A9232425C90B} = {A73351E3-752B-4A73-8EEC-7C3364A18F95}
		{EC1CA365-BF3F-40D1-A576-8718A782C5E6} = {977D3144-EC4E-40EB-9779-F63A305EB027}
		{DE8215C4-857E-4F49-A085-29FE3C08FFE8} = {A73351E3-752B-4A73-8EEC-7C3364A18F95}
	EndGlobalSection
EndGlobal
