
Microsoft Visual Studio Solution File, Format Version 12.00
Project("{FAE04EC0-301F-11D3-BF4B-00C04F79EFBC}") = "BadScript2.Web.Frontend", "BadScript2.Web.Frontend\BadScript2.Web.Frontend.csproj", "{213E02EA-2F59-475B-90CA-D1DE5A0B4B4F}"
EndProject
Project("{2150E333-8FDC-42A3-9474-1A3956D46DE8}") = "BadScript2", "BadScript2", "{3DCC8F60-0A68-4126-9357-057F3F1B62AD}"
EndProject
Project("{FAE04EC0-301F-11D3-BF4B-00C04F79EFBC}") = "BadScript2", "..\src\BadScript2\BadScript2.csproj", "{4B644CF4-7E77-4E5B-AC2F-B48769DD4557}"
EndProject
Project("{FAE04EC0-301F-11D3-BF4B-00C04F79EFBC}") = "BadScript2.ConsoleAbstraction", "..\src\BadScript2.Common\BadScript2.ConsoleAbstraction\BadScript2.ConsoleAbstraction.csproj", "{70B3B9A3-3965-45CB-9AA1-0DE2EDDBBC3D}"
EndProject
Project("{2150E333-8FDC-42A3-9474-1A3956D46DE8}") = "Common", "Common", "{7474BFDC-E44A-49FD-A562-F14BB10E516D}"
EndProject
Project("{FAE04EC0-301F-11D3-BF4B-00C04F79EFBC}") = "BadScript2.Interactive", "..\src\BadScript2.Common\BadScript2.Interactive\BadScript2.Interactive.csproj", "{63929A8B-79C2-40C0-975D-E01E4F3580DE}"
EndProject
Project("{FAE04EC0-301F-11D3-BF4B-00C04F79EFBC}") = "BadScript2.Debugger", "..\src\BadScript2.Common\BadScript2.Debugger\BadScript2.Debugger.csproj", "{293C0C9A-9BE2-42E8-A1FF-591790820933}"
EndProject
Project("{2150E333-8FDC-42A3-9474-1A3956D46DE8}") = "Consoles", "Consoles", "{21422D21-E09B-48E6-B064-884A2C2B8626}"
EndProject
Project("{2150E333-8FDC-42A3-9474-1A3956D46DE8}") = "Interop", "Interop", "{ECD8258D-29F4-4719-A138-C3AEE8D405C6}"
EndProject
Project("{2150E333-8FDC-42A3-9474-1A3956D46DE8}") = "BadHtml", "BadHtml", "{E7C4BBCA-F0E3-488A-89A1-D9871193E4CC}"
EndProject
Project("{FAE04EC0-301F-11D3-BF4B-00C04F79EFBC}") = "BadScript2.ConsoleCore", "..\src\BadScript2.Console\BadScript2.ConsoleCore\BadScript2.ConsoleCore.csproj", "{C775A9AF-8397-462E-BDE1-169555E08881}"
EndProject
Project("{FAE04EC0-301F-11D3-BF4B-00C04F79EFBC}") = "BadScript2.Console", "..\src\BadScript2.Console\BadScript2.Console\BadScript2.Console.csproj", "{D8FF6762-E7FB-4899-BD58-60EFE957A108}"
EndProject
Project("{FAE04EC0-301F-11D3-BF4B-00C04F79EFBC}") = "BadHtml", "..\src\BadHtml\BadHtml.csproj", "{147C4B22-9B3E-421E-A0C6-AD9C624E843A}"
EndProject
Project("{2150E333-8FDC-42A3-9474-1A3956D46DE8}") = "Generator", "Generator", "{7B7E590C-AF3B-4ED5-9C06-01D9B0ACE71A}"
EndProject
Project("{FAE04EC0-301F-11D3-BF4B-00C04F79EFBC}") = "BadScript2.Interop.Generator", "..\src\BadScript2.Interop\BadScript2.Interop.Generator\BadScript2.Interop.Generator\BadScript2.Interop.Generator.csproj", "{BD146F27-1EAE-4DB5-82E2-77A6B1B45082}"
EndProject
Project("{FAE04EC0-301F-11D3-BF4B-00C04F79EFBC}") = "BadScript2.Interop.Generator.Test", "..\src\BadScript2.Interop\BadScript2.Interop.Generator\BadScript2.Interop.Generator.Test\BadScript2.Interop.Generator.Test.csproj", "{C33CED0D-67C2-4067-B97D-F442E81D5F50}"
EndProject
Project("{FAE04EC0-301F-11D3-BF4B-00C04F79EFBC}") = "BadScript2.Interop.Common", "..\src\BadScript2.Interop\BadScript2.Interop.Common\BadScript2.Interop.Common.csproj", "{204BCF8A-D079-4F29-9556-6D59A60F3943}"
EndProject
Project("{FAE04EC0-301F-11D3-BF4B-00C04F79EFBC}") = "BadScript2.Interop.Compression", "..\src\BadScript2.Interop\BadScript2.Interop.Compression\BadScript2.Interop.Compression.csproj", "{6124E728-D259-41A9-9828-7E60B61A3343}"
EndProject
Project("{FAE04EC0-301F-11D3-BF4B-00C04F79EFBC}") = "BadScript2.Interop.Html", "..\src\BadScript2.Interop\BadScript2.Interop.Html\BadScript2.Interop.Html.csproj", "{E4706CC5-355B-4C3E-9331-6F39A068329B}"
EndProject
Project("{FAE04EC0-301F-11D3-BF4B-00C04F79EFBC}") = "BadScript2.Interop.IO", "..\src\BadScript2.Interop\BadScript2.Interop.IO\BadScript2.Interop.IO.csproj", "{4BB1FA06-42F8-4D11-9C4B-82339FE6E226}"
EndProject
Project("{FAE04EC0-301F-11D3-BF4B-00C04F79EFBC}") = "BadScript2.Interop.Json", "..\src\BadScript2.Interop\BadScript2.Interop.Json\BadScript2.Interop.Json.csproj", "{B0C11A75-5747-49EE-8692-F11764C28681}"
EndProject
Project("{FAE04EC0-301F-11D3-BF4B-00C04F79EFBC}") = "BadScript2.Interop.Linq", "..\src\BadScript2.Interop\BadScript2.Interop.Linq\BadScript2.Interop.Linq.csproj", "{E50B5E85-B6CF-472B-8C7F-D5B07AEACD8C}"
EndProject
Project("{FAE04EC0-301F-11D3-BF4B-00C04F79EFBC}") = "BadScript2.Interop.Net", "..\src\BadScript2.Interop\BadScript2.Interop.Net\BadScript2.Interop.Net.csproj", "{5B537DDA-BAE5-4CC8-9742-9D970EF613B0}"
EndProject
Project("{FAE04EC0-301F-11D3-BF4B-00C04F79EFBC}") = "BadScript2.Interop.NetHost", "..\src\BadScript2.Interop\BadScript2.Interop.NetHost\BadScript2.Interop.NetHost.csproj", "{4A86DEFD-0D7A-407A-9A5D-2CA372A3D5E9}"
EndProject
Project("{FAE04EC0-301F-11D3-BF4B-00C04F79EFBC}") = "BadScript2.Interop.NUnit", "..\src\BadScript2.Interop\BadScript2.Interop.NUnit\BadScript2.Interop.NUnit.csproj", "{B49A7CB3-CA1A-491A-B045-96A332F3D187}"
EndProject
Project("{FAE04EC0-301F-11D3-BF4B-00C04F79EFBC}") = "CommandLine", "..\deps\commandlineparser\src\CommandLine\CommandLine.csproj", "{EEC56720-2173-4E42-A2C0-11B01E6BFE9B}"
EndProject
Global
	GlobalSection(SolutionConfigurationPlatforms) = preSolution
		Debug|Any CPU = Debug|Any CPU
		Release|Any CPU = Release|Any CPU
	EndGlobalSection
	GlobalSection(ProjectConfigurationPlatforms) = postSolution
		{213E02EA-2F59-475B-90CA-D1DE5A0B4B4F}.Debug|Any CPU.ActiveCfg = Debug|Any CPU
		{213E02EA-2F59-475B-90CA-D1DE5A0B4B4F}.Debug|Any CPU.Build.0 = Debug|Any CPU
		{213E02EA-2F59-475B-90CA-D1DE5A0B4B4F}.Release|Any CPU.ActiveCfg = Release|Any CPU
		{213E02EA-2F59-475B-90CA-D1DE5A0B4B4F}.Release|Any CPU.Build.0 = Release|Any CPU
		{4B644CF4-7E77-4E5B-AC2F-B48769DD4557}.Debug|Any CPU.ActiveCfg = Debug|Any CPU
		{4B644CF4-7E77-4E5B-AC2F-B48769DD4557}.Debug|Any CPU.Build.0 = Debug|Any CPU
		{4B644CF4-7E77-4E5B-AC2F-B48769DD4557}.Release|Any CPU.ActiveCfg = Release|Any CPU
		{4B644CF4-7E77-4E5B-AC2F-B48769DD4557}.Release|Any CPU.Build.0 = Release|Any CPU
		{70B3B9A3-3965-45CB-9AA1-0DE2EDDBBC3D}.Debug|Any CPU.ActiveCfg = Debug|Any CPU
		{70B3B9A3-3965-45CB-9AA1-0DE2EDDBBC3D}.Debug|Any CPU.Build.0 = Debug|Any CPU
		{70B3B9A3-3965-45CB-9AA1-0DE2EDDBBC3D}.Release|Any CPU.ActiveCfg = Release|Any CPU
		{70B3B9A3-3965-45CB-9AA1-0DE2EDDBBC3D}.Release|Any CPU.Build.0 = Release|Any CPU
		{63929A8B-79C2-40C0-975D-E01E4F3580DE}.Debug|Any CPU.ActiveCfg = Debug|Any CPU
		{63929A8B-79C2-40C0-975D-E01E4F3580DE}.Debug|Any CPU.Build.0 = Debug|Any CPU
		{63929A8B-79C2-40C0-975D-E01E4F3580DE}.Release|Any CPU.ActiveCfg = Release|Any CPU
		{63929A8B-79C2-40C0-975D-E01E4F3580DE}.Release|Any CPU.Build.0 = Release|Any CPU
		{293C0C9A-9BE2-42E8-A1FF-591790820933}.Debug|Any CPU.ActiveCfg = Debug|Any CPU
		{293C0C9A-9BE2-42E8-A1FF-591790820933}.Debug|Any CPU.Build.0 = Debug|Any CPU
		{293C0C9A-9BE2-42E8-A1FF-591790820933}.Release|Any CPU.ActiveCfg = Release|Any CPU
		{293C0C9A-9BE2-42E8-A1FF-591790820933}.Release|Any CPU.Build.0 = Release|Any CPU
		{C775A9AF-8397-462E-BDE1-169555E08881}.Debug|Any CPU.ActiveCfg = Debug|Any CPU
		{C775A9AF-8397-462E-BDE1-169555E08881}.Debug|Any CPU.Build.0 = Debug|Any CPU
		{C775A9AF-8397-462E-BDE1-169555E08881}.Release|Any CPU.ActiveCfg = Release|Any CPU
		{C775A9AF-8397-462E-BDE1-169555E08881}.Release|Any CPU.Build.0 = Release|Any CPU
		{D8FF6762-E7FB-4899-BD58-60EFE957A108}.Debug|Any CPU.ActiveCfg = Debug|Any CPU
		{D8FF6762-E7FB-4899-BD58-60EFE957A108}.Debug|Any CPU.Build.0 = Debug|Any CPU
		{D8FF6762-E7FB-4899-BD58-60EFE957A108}.Release|Any CPU.ActiveCfg = Release|Any CPU
		{D8FF6762-E7FB-4899-BD58-60EFE957A108}.Release|Any CPU.Build.0 = Release|Any CPU
		{147C4B22-9B3E-421E-A0C6-AD9C624E843A}.Debug|Any CPU.ActiveCfg = Debug|Any CPU
		{147C4B22-9B3E-421E-A0C6-AD9C624E843A}.Debug|Any CPU.Build.0 = Debug|Any CPU
		{147C4B22-9B3E-421E-A0C6-AD9C624E843A}.Release|Any CPU.ActiveCfg = Release|Any CPU
		{147C4B22-9B3E-421E-A0C6-AD9C624E843A}.Release|Any CPU.Build.0 = Release|Any CPU
		{BD146F27-1EAE-4DB5-82E2-77A6B1B45082}.Debug|Any CPU.ActiveCfg = Debug|Any CPU
		{BD146F27-1EAE-4DB5-82E2-77A6B1B45082}.Debug|Any CPU.Build.0 = Debug|Any CPU
		{BD146F27-1EAE-4DB5-82E2-77A6B1B45082}.Release|Any CPU.ActiveCfg = Release|Any CPU
		{BD146F27-1EAE-4DB5-82E2-77A6B1B45082}.Release|Any CPU.Build.0 = Release|Any CPU
		{C33CED0D-67C2-4067-B97D-F442E81D5F50}.Debug|Any CPU.ActiveCfg = Debug|Any CPU
		{C33CED0D-67C2-4067-B97D-F442E81D5F50}.Debug|Any CPU.Build.0 = Debug|Any CPU
		{C33CED0D-67C2-4067-B97D-F442E81D5F50}.Release|Any CPU.ActiveCfg = Release|Any CPU
		{C33CED0D-67C2-4067-B97D-F442E81D5F50}.Release|Any CPU.Build.0 = Release|Any CPU
		{204BCF8A-D079-4F29-9556-6D59A60F3943}.Debug|Any CPU.ActiveCfg = Debug|Any CPU
		{204BCF8A-D079-4F29-9556-6D59A60F3943}.Debug|Any CPU.Build.0 = Debug|Any CPU
		{204BCF8A-D079-4F29-9556-6D59A60F3943}.Release|Any CPU.ActiveCfg = Release|Any CPU
		{204BCF8A-D079-4F29-9556-6D59A60F3943}.Release|Any CPU.Build.0 = Release|Any CPU
		{6124E728-D259-41A9-9828-7E60B61A3343}.Debug|Any CPU.ActiveCfg = Debug|Any CPU
		{6124E728-D259-41A9-9828-7E60B61A3343}.Debug|Any CPU.Build.0 = Debug|Any CPU
		{6124E728-D259-41A9-9828-7E60B61A3343}.Release|Any CPU.ActiveCfg = Release|Any CPU
		{6124E728-D259-41A9-9828-7E60B61A3343}.Release|Any CPU.Build.0 = Release|Any CPU
		{E4706CC5-355B-4C3E-9331-6F39A068329B}.Debug|Any CPU.ActiveCfg = Debug|Any CPU
		{E4706CC5-355B-4C3E-9331-6F39A068329B}.Debug|Any CPU.Build.0 = Debug|Any CPU
		{E4706CC5-355B-4C3E-9331-6F39A068329B}.Release|Any CPU.ActiveCfg = Release|Any CPU
		{E4706CC5-355B-4C3E-9331-6F39A068329B}.Release|Any CPU.Build.0 = Release|Any CPU
		{4BB1FA06-42F8-4D11-9C4B-82339FE6E226}.Debug|Any CPU.ActiveCfg = Debug|Any CPU
		{4BB1FA06-42F8-4D11-9C4B-82339FE6E226}.Debug|Any CPU.Build.0 = Debug|Any CPU
		{4BB1FA06-42F8-4D11-9C4B-82339FE6E226}.Release|Any CPU.ActiveCfg = Release|Any CPU
		{4BB1FA06-42F8-4D11-9C4B-82339FE6E226}.Release|Any CPU.Build.0 = Release|Any CPU
		{B0C11A75-5747-49EE-8692-F11764C28681}.Debug|Any CPU.ActiveCfg = Debug|Any CPU
		{B0C11A75-5747-49EE-8692-F11764C28681}.Debug|Any CPU.Build.0 = Debug|Any CPU
		{B0C11A75-5747-49EE-8692-F11764C28681}.Release|Any CPU.ActiveCfg = Release|Any CPU
		{B0C11A75-5747-49EE-8692-F11764C28681}.Release|Any CPU.Build.0 = Release|Any CPU
		{E50B5E85-B6CF-472B-8C7F-D5B07AEACD8C}.Debug|Any CPU.ActiveCfg = Debug|Any CPU
		{E50B5E85-B6CF-472B-8C7F-D5B07AEACD8C}.Debug|Any CPU.Build.0 = Debug|Any CPU
		{E50B5E85-B6CF-472B-8C7F-D5B07AEACD8C}.Release|Any CPU.ActiveCfg = Release|Any CPU
		{E50B5E85-B6CF-472B-8C7F-D5B07AEACD8C}.Release|Any CPU.Build.0 = Release|Any CPU
		{5B537DDA-BAE5-4CC8-9742-9D970EF613B0}.Debug|Any CPU.ActiveCfg = Debug|Any CPU
		{5B537DDA-BAE5-4CC8-9742-9D970EF613B0}.Debug|Any CPU.Build.0 = Debug|Any CPU
		{5B537DDA-BAE5-4CC8-9742-9D970EF613B0}.Release|Any CPU.ActiveCfg = Release|Any CPU
		{5B537DDA-BAE5-4CC8-9742-9D970EF613B0}.Release|Any CPU.Build.0 = Release|Any CPU
		{4A86DEFD-0D7A-407A-9A5D-2CA372A3D5E9}.Debug|Any CPU.ActiveCfg = Debug|Any CPU
		{4A86DEFD-0D7A-407A-9A5D-2CA372A3D5E9}.Debug|Any CPU.Build.0 = Debug|Any CPU
		{4A86DEFD-0D7A-407A-9A5D-2CA372A3D5E9}.Release|Any CPU.ActiveCfg = Release|Any CPU
		{4A86DEFD-0D7A-407A-9A5D-2CA372A3D5E9}.Release|Any CPU.Build.0 = Release|Any CPU
		{B49A7CB3-CA1A-491A-B045-96A332F3D187}.Debug|Any CPU.ActiveCfg = Debug|Any CPU
		{B49A7CB3-CA1A-491A-B045-96A332F3D187}.Debug|Any CPU.Build.0 = Debug|Any CPU
		{B49A7CB3-CA1A-491A-B045-96A332F3D187}.Release|Any CPU.ActiveCfg = Release|Any CPU
		{B49A7CB3-CA1A-491A-B045-96A332F3D187}.Release|Any CPU.Build.0 = Release|Any CPU
		{EEC56720-2173-4E42-A2C0-11B01E6BFE9B}.Debug|Any CPU.ActiveCfg = Debug|Any CPU
		{EEC56720-2173-4E42-A2C0-11B01E6BFE9B}.Debug|Any CPU.Build.0 = Debug|Any CPU
		{EEC56720-2173-4E42-A2C0-11B01E6BFE9B}.Release|Any CPU.ActiveCfg = Release|Any CPU
		{EEC56720-2173-4E42-A2C0-11B01E6BFE9B}.Release|Any CPU.Build.0 = Release|Any CPU
	EndGlobalSection
	GlobalSection(NestedProjects) = preSolution
		{4B644CF4-7E77-4E5B-AC2F-B48769DD4557} = {3DCC8F60-0A68-4126-9357-057F3F1B62AD}
		{7474BFDC-E44A-49FD-A562-F14BB10E516D} = {3DCC8F60-0A68-4126-9357-057F3F1B62AD}
		{70B3B9A3-3965-45CB-9AA1-0DE2EDDBBC3D} = {7474BFDC-E44A-49FD-A562-F14BB10E516D}
		{63929A8B-79C2-40C0-975D-E01E4F3580DE} = {7474BFDC-E44A-49FD-A562-F14BB10E516D}
		{293C0C9A-9BE2-42E8-A1FF-591790820933} = {7474BFDC-E44A-49FD-A562-F14BB10E516D}
		{21422D21-E09B-48E6-B064-884A2C2B8626} = {3DCC8F60-0A68-4126-9357-057F3F1B62AD}
		{ECD8258D-29F4-4719-A138-C3AEE8D405C6} = {3DCC8F60-0A68-4126-9357-057F3F1B62AD}
		{E7C4BBCA-F0E3-488A-89A1-D9871193E4CC} = {3DCC8F60-0A68-4126-9357-057F3F1B62AD}
		{C775A9AF-8397-462E-BDE1-169555E08881} = {21422D21-E09B-48E6-B064-884A2C2B8626}
		{D8FF6762-E7FB-4899-BD58-60EFE957A108} = {21422D21-E09B-48E6-B064-884A2C2B8626}
		{147C4B22-9B3E-421E-A0C6-AD9C624E843A} = {E7C4BBCA-F0E3-488A-89A1-D9871193E4CC}
		{7B7E590C-AF3B-4ED5-9C06-01D9B0ACE71A} = {ECD8258D-29F4-4719-A138-C3AEE8D405C6}
		{BD146F27-1EAE-4DB5-82E2-77A6B1B45082} = {7B7E590C-AF3B-4ED5-9C06-01D9B0ACE71A}
		{C33CED0D-67C2-4067-B97D-F442E81D5F50} = {7B7E590C-AF3B-4ED5-9C06-01D9B0ACE71A}
		{204BCF8A-D079-4F29-9556-6D59A60F3943} = {ECD8258D-29F4-4719-A138-C3AEE8D405C6}
		{6124E728-D259-41A9-9828-7E60B61A3343} = {ECD8258D-29F4-4719-A138-C3AEE8D405C6}
		{E4706CC5-355B-4C3E-9331-6F39A068329B} = {ECD8258D-29F4-4719-A138-C3AEE8D405C6}
		{4BB1FA06-42F8-4D11-9C4B-82339FE6E226} = {ECD8258D-29F4-4719-A138-C3AEE8D405C6}
		{B0C11A75-5747-49EE-8692-F11764C28681} = {ECD8258D-29F4-4719-A138-C3AEE8D405C6}
		{E50B5E85-B6CF-472B-8C7F-D5B07AEACD8C} = {ECD8258D-29F4-4719-A138-C3AEE8D405C6}
		{5B537DDA-BAE5-4CC8-9742-9D970EF613B0} = {ECD8258D-29F4-4719-A138-C3AEE8D405C6}
		{4A86DEFD-0D7A-407A-9A5D-2CA372A3D5E9} = {ECD8258D-29F4-4719-A138-C3AEE8D405C6}
		{B49A7CB3-CA1A-491A-B045-96A332F3D187} = {ECD8258D-29F4-4719-A138-C3AEE8D405C6}
		{EEC56720-2173-4E42-A2C0-11B01E6BFE9B} = {21422D21-E09B-48E6-B064-884A2C2B8626}
	EndGlobalSection
EndGlobal
